{
  "generated": "2026-03-29T10:10:17Z",
  "packages": [
    {
      "name": "grim",
      "version": "1.5.0-2",
      "source": "pacman"
    },
    {
      "name": "slurp",
      "version": "1.5.0-1",
      "source": "pacman"
    },
    {
      "name": "wl-clipboard",
      "version": "1:2.3.0-1",
      "source": "pacman"
    },
    {
      "name": "libnotify",
      "version": "0.8.8-1",
      "source": "pacman"
    },
    {
      "name": "jq",
      "version": "1.8.1-1",
      "source": "pacman"
    },
    {
      "name": "hyprpaper",
      "version": "0.8.3-3",
      "source": "pacman"
    },
    {
      "name": "rofi-wayland",
      "version": "2.0.0-1",
      "source": "pacman"
    },
    {
      "name": "hyprpicker",
      "version": "0.4.6-2",
      "source": "aur"
    }
  ]
}
