{
  "generated": "2026-04-01T19:16:14Z",
  "packages": [
    {
      "name": "grim",
      "version": "1.5.0-2",
      "source": "pacman"
    },
    {
      "name": "slurp",
      "version": "1.5.0-1",
      "source": "pacman"
    },
    {
      "name": "wl-clipboard",
      "version": "1:2.3.0-1",
      "source": "pacman"
    },
    {
      "name": "libnotify",
      "version": "0.8.8-1",
      "source": "pacman"
    },
    {
      "name": "jq",
      "version": "1.8.1-1",
      "source": "pacman"
    },
    {
      "name": "eza",
      "version": "0.23.4-3",
      "source": "pacman"
    },
    {
      "name": "blueman",
      "version": "2.4.6-2",
      "source": "pacman"
    },
    {
      "name": "hyprpaper",
      "version": "0.8.3-3",
      "source": "pacman"
    },
    {
      "name": "hyprlock",
      "version": "0.9.3-1",
      "source": "pacman"
    },
    {
      "name": "rofi-wayland",
      "version": "2.0.0-1",
      "source": "pacman"
    },
    {
      "name": "pavucontrol",
      "version": "1:6.2-1",
      "source": "pacman"
    },
    {
      "name": "fprintd",
      "version": "1.94.5-2",
      "source": "pacman"
    },
    {
      "name": "rofimoji",
      "version": "6.7.0-2",
      "source": "pacman"
    },
    {
      "name": "wtype",
      "version": "0.4-2",
      "source": "pacman"
    },
    {
      "name": "noto-fonts-emoji",
      "version": "1:2.051-1",
      "source": "pacman"
    },
    {
      "name": "imagemagick",
      "version": "7.1.2.18-1",
      "source": "pacman"
    },
    {
      "name": "tesseract",
      "version": "5.5.2-1",
      "source": "pacman"
    },
    {
      "name": "tesseract-data-eng",
      "version": "2:4.1.0-4",
      "source": "pacman"
    },
    {
      "name": "hyprpicker",
      "version": "0.4.6-2",
      "source": "aur"
    }
  ]
}
